
Microsoft Visual Studio Solution File, Format Version 12.00
# Visual Studio 15
VisualStudioVersion = 15.0.28010.2041
MinimumVisualStudioVersion = 10.0.40219.1
Project("{9A19103F-16F7-4668-BE54-9A1E7A4F7556}") = "philosophers", "philosophers.csproj", "{22BBEB8A-EF7E-481F-B5CB-365577E58386}"
EndProject
Global
	GlobalSection(SolutionConfigurationPlatforms) = preSolution
		Debug|Any CPU = Debug|Any CPU
		Release|Any CPU = Release|Any CPU
	EndGlobalSection
	GlobalSection(ProjectConfigurationPlatforms) = postSolution
		{22BBEB8A-EF7E-481F-B5CB-365577E58386}.Debug|Any CPU.ActiveCfg = Debug|Any CPU
		{22BBEB8A-EF7E-481F-B5CB-365577E58386}.Debug|Any CPU.Build.0 = Debug|Any CPU
		{22BBEB8A-EF7E-481F-B5CB-365577E58386}.Release|Any CPU.ActiveCfg = Release|Any CPU
		{22BBEB8A-EF7E-481F-B5CB-365577E58386}.Release|Any CPU.Build.0 = Release|Any CPU
	EndGlobalSection
	GlobalSection(SolutionProperties) = preSolution
		HideSolutionNode = FALSE
	EndGlobalSection
	GlobalSection(ExtensibilityGlobals) = postSolution
		SolutionGuid = {6277F1EC-7264-4E1F-BFF5-0DD9C2B7D24C}
	EndGlobalSection
EndGlobal
